
Microsoft Visual Studio Solution File, Format Version 12.00
# Visual Studio Version 17
VisualStudioVersion = 17.10.35004.147
MinimumVisualStudioVersion = 10.0.40219.1
Project("{FAE04EC0-301F-11D3-BF4B-00C04F79EFBC}") = "NguyenVanTan_buoi1", "NguyenVanTan_buoi1\NguyenVanTan_buoi1.csproj", "{D759DC69-24FB-4C8A-9285-A0FA3CD40BDD}"
EndProject
Global
	GlobalSection(SolutionConfigurationPlatforms) = preSolution
		Debug|Any CPU = Debug|Any CPU
		Release|Any CPU = Release|Any CPU
	EndGlobalSection
	GlobalSection(ProjectConfigurationPlatforms) = postSolution
		{D759DC69-24FB-4C8A-9285-A0FA3CD40BDD}.Debug|Any CPU.ActiveCfg = Debug|Any CPU
		{D759DC69-24FB-4C8A-9285-A0FA3CD40BDD}.Debug|Any CPU.Build.0 = Debug|Any CPU
		{D759DC69-24FB-4C8A-9285-A0FA3CD40BDD}.Release|Any CPU.ActiveCfg = Release|Any CPU
		{D759DC69-24FB-4C8A-9285-A0FA3CD40BDD}.Release|Any CPU.Build.0 = Release|Any CPU
	EndGlobalSection
	GlobalSection(SolutionProperties) = preSolution
		HideSolutionNode = FALSE
	EndGlobalSection
	GlobalSection(ExtensibilityGlobals) = postSolution
		SolutionGuid = {77347A6F-7C20-4B57-94CC-BDD7BF6E8507}
	EndGlobalSection
EndGlobal
